[[package]]
name = "appnope"
version = "0.1.3"
description = "Disable App Nap on macOS >= 10.9"
category = "main"
optional = false
python-versions = "*"

[[package]]
name = "asttokens"
version = "2.1.0"
description = "Annotate AST trees with source code positions"
category = "main"
optional = false
python-versions = "*"

[package.dependencies]
six = "*"

[package.extras]
test = ["astroid (<=2.5.3)", "pytest"]

[[package]]
name = "backcall"
version = "0.2.0"
description = "Specifications for callback functions passed in to an API"
category = "main"
optional = false
python-versions = "*"

[[package]]
name = "cachelib"
version = "0.9.0"
description = "A collection of cache libraries in the same API interface."
category = "main"
optional = false
python-versions = ">=3.7"

[[package]]
name = "cachetools"
version = "4.2.4"
description = "Extensible memoizing collections and decorators"
category = "main"
optional = false
python-versions = "~=3.5"

[[package]]
name = "certifi"
version = "2022.9.24"
description = "Python package for providing Mozilla's CA Bundle."
category = "main"
optional = false
python-versions = ">=3.6"

[[package]]
name = "cffi"
version = "1.15.1"
description = "Foreign Function Interface for Python calling C code."
category = "main"
optional = false
python-versions = "*"

[package.dependencies]
pycparser = "*"

[[package]]
name = "charset-normalizer"
version = "2.1.1"
description = "The Real First Universal Charset Detector. Open, modern and actively maintained alternative to Chardet."
category = "main"
optional = false
python-versions = ">=3.6.0"

[package.extras]
unicode_backport = ["unicodedata2"]

[[package]]
name = "click"
version = "8.1.3"
description = "Composable command line interface toolkit"
category = "main"
optional = false
python-versions = ">=3.7"

[package.dependencies]
colorama = {version = "*", markers = "platform_system == \"Windows\""}

[[package]]
name = "colorama"
version = "0.4.6"
description = "Cross-platform colored terminal text."
category = "main"
optional = false
python-versions = "!=3.0.*,!=3.1.*,!=3.2.*,!=3.3.*,!=3.4.*,!=3.5.*,!=3.6.*,>=2.7"

[[package]]
name = "cryptography"
version = "2.9.2"
description = "cryptography is a package which provides cryptographic recipes and primitives to Python developers."
category = "main"
optional = false
python-versions = ">=2.7,!=3.0.*,!=3.1.*,!=3.2.*,!=3.3.*,!=3.4.*"

[package.dependencies]
cffi = ">=1.8,<1.11.3 || >1.11.3"
six = ">=1.4.1"

[package.extras]
docs = ["sphinx (>=1.6.5,!=1.8.0)", "sphinx-rtd-theme"]
docstest = ["doc8", "pyenchant (>=1.6.11)", "sphinxcontrib-spelling (>=4.0.1)", "twine (>=1.12.0)"]
idna = ["idna (>=2.1)"]
pep8test = ["flake8", "flake8-import-order", "pep8-naming"]
test = ["hypothesis (>=1.11.4,!=3.79.2)", "iso8601", "pretend", "pytest (>=3.6.0,!=3.9.0,!=3.9.1,!=3.9.2)", "pytz"]

[[package]]
name = "decorator"
version = "5.1.1"
description = "Decorators for Humans"
category = "main"
optional = false
python-versions = ">=3.5"

[[package]]
name = "deprecated"
version = "1.2.13"
description = "Python @deprecated decorator to deprecate old python classes, functions or methods."
category = "main"
optional = false
python-versions = ">=2.7, !=3.0.*, !=3.1.*, !=3.2.*, !=3.3.*"

[package.dependencies]
wrapt = ">=1.10,<2"

[package.extras]
dev = ["PyTest (<5)", "PyTest-Cov (<2.6)", "bump2version (<1)", "configparser (<5)", "importlib-metadata (<3)", "importlib-resources (<4)", "pytest", "pytest-cov", "sphinx (<2)", "sphinxcontrib-websupport (<2)", "tox", "zipp (<2)"]

[[package]]
name = "executing"
version = "1.2.0"
description = "Get the currently executing AST node of a frame, and other information"
category = "main"
optional = false
python-versions = "*"

[package.extras]
tests = ["asttokens", "littleutils", "pytest", "rich"]

[[package]]
name = "filelock"
version = "3.8.0"
description = "A platform independent file lock."
category = "main"
optional = false
python-versions = ">=3.7"

[package.extras]
docs = ["furo (>=2022.6.21)", "sphinx (>=5.1.1)", "sphinx-autodoc-typehints (>=1.19.1)"]
testing = ["covdefaults (>=2.2)", "coverage (>=6.4.2)", "pytest (>=7.1.2)", "pytest-cov (>=3)", "pytest-timeout (>=2.1)"]

[[package]]
name = "flake8"
version = "3.9.2"
description = "the modular source code checker: pep8 pyflakes and co"
category = "dev"
optional = false
python-versions = "!=3.0.*,!=3.1.*,!=3.2.*,!=3.3.*,!=3.4.*,>=2.7"

[package.dependencies]
mccabe = ">=0.6.0,<0.7.0"
pycodestyle = ">=2.7.0,<2.8.0"
pyflakes = ">=2.3.0,<2.4.0"

[[package]]
name = "flask"
version = "2.2.2"
description = "A simple framework for building complex web applications."
category = "main"
optional = false
python-versions = ">=3.7"

[package.dependencies]
click = ">=8.0"
itsdangerous = ">=2.0"
Jinja2 = ">=3.0"
Werkzeug = ">=2.2.2"

[package.extras]
async = ["asgiref (>=3.2)"]
dotenv = ["python-dotenv"]

[[package]]
name = "flask-cors"
version = "3.0.10"
description = "A Flask extension adding a decorator for CORS support"
category = "main"
optional = false
python-versions = "*"

[package.dependencies]
Flask = ">=0.9"
Six = "*"

[[package]]
name = "flask-oauthlib"
version = "0.9.6"
description = "OAuthlib for Flask"
category = "main"
optional = false
python-versions = "*"

[package.dependencies]
cachelib = "*"
Flask = "*"
oauthlib = ">=1.1.2,<2.0.3 || >2.0.3,<2.0.4 || >2.0.4,<2.0.5 || >2.0.5,<3.0.0"
requests-oauthlib = ">=0.6.2,<1.2.0"

[[package]]
name = "flask-session"
version = "0.4.0"
description = "Adds server-side session support to your Flask application"
category = "main"
optional = false
python-versions = "*"

[package.dependencies]
cachelib = "*"
Flask = ">=0.8"

[[package]]
name = "gitdb"
version = "4.0.10"
description = "Git Object Database"
category = "main"
optional = false
python-versions = ">=3.7"

[package.dependencies]
smmap = ">=3.0.1,<6"

[[package]]
name = "gitpython"
version = "3.1.29"
description = "GitPython is a python library used to interact with Git repositories"
category = "main"
optional = false
python-versions = ">=3.7"

[package.dependencies]
gitdb = ">=4.0.1,<5"

[[package]]
name = "gunicorn"
version = "20.1.0"
description = "WSGI HTTP Server for UNIX"
category = "main"
optional = false
python-versions = ">=3.5"

[package.extras]
eventlet = ["eventlet (>=0.24.1)"]
gevent = ["gevent (>=1.4.0)"]
setproctitle = ["setproctitle"]
tornado = ["tornado (>=0.2)"]

[[package]]
name = "idna"
version = "3.4"
description = "Internationalized Domain Names in Applications (IDNA)"
category = "main"
optional = false
python-versions = ">=3.5"

[[package]]
name = "ipython"
version = "8.6.0"
description = "IPython: Productive Interactive Computing"
category = "main"
optional = false
python-versions = ">=3.8"

[package.dependencies]
appnope = {version = "*", markers = "sys_platform == \"darwin\""}
backcall = "*"
colorama = {version = "*", markers = "sys_platform == \"win32\""}
decorator = "*"
jedi = ">=0.16"
matplotlib-inline = "*"
pexpect = {version = ">4.3", markers = "sys_platform != \"win32\""}
pickleshare = "*"
prompt-toolkit = ">3.0.1,<3.1.0"
pygments = ">=2.4.0"
stack-data = "*"
traitlets = ">=5"

[package.extras]
all = ["black", "curio", "docrepr", "ipykernel", "ipyparallel", "ipywidgets", "matplotlib", "matplotlib (!=3.2.0)", "nbconvert", "nbformat", "notebook", "numpy (>=1.20)", "pandas", "pytest (<7)", "pytest (<7.1)", "pytest-asyncio", "qtconsole", "setuptools (>=18.5)", "sphinx (>=1.3)", "sphinx-rtd-theme", "stack-data", "testpath", "trio", "typing-extensions"]
black = ["black"]
doc = ["docrepr", "ipykernel", "matplotlib", "pytest (<7)", "pytest (<7.1)", "pytest-asyncio", "setuptools (>=18.5)", "sphinx (>=1.3)", "sphinx-rtd-theme", "stack-data", "testpath", "typing-extensions"]
kernel = ["ipykernel"]
nbconvert = ["nbconvert"]
nbformat = ["nbformat"]
notebook = ["ipywidgets", "notebook"]
parallel = ["ipyparallel"]
qtconsole = ["qtconsole"]
test = ["pytest (<7.1)", "pytest-asyncio", "testpath"]
test_extra = ["curio", "matplotlib (!=3.2.0)", "nbformat", "numpy (>=1.20)", "pandas", "pytest (<7.1)", "pytest-asyncio", "testpath", "trio"]

[[package]]
name = "itsdangerous"
version = "2.1.2"
description = "Safely pass data to untrusted environments and back."
category = "main"
optional = false
python-versions = ">=3.7"

[[package]]
name = "jedi"
version = "0.18.2"
description = "An autocompletion tool for Python that can be used for text editors."
category = "main"
optional = false
python-versions = ">=3.6"

[package.dependencies]
parso = ">=0.8.0,<0.9.0"

[package.extras]
docs = ["Jinja2 (==2.11.3)", "MarkupSafe (==1.1.1)", "Pygments (==2.8.1)", "alabaster (==0.7.12)", "babel (==2.9.1)", "chardet (==4.0.0)", "commonmark (==0.8.1)", "docutils (==0.17.1)", "future (==0.18.2)", "idna (==2.10)", "imagesize (==1.2.0)", "mock (==1.0.1)", "packaging (==20.9)", "pyparsing (==2.4.7)", "pytz (==2021.1)", "readthedocs-sphinx-ext (==2.1.4)", "recommonmark (==0.5.0)", "requests (==2.25.1)", "six (==1.15.0)", "snowballstemmer (==2.1.0)", "sphinx (==1.8.5)", "sphinx-rtd-theme (==0.4.3)", "sphinxcontrib-serializinghtml (==1.1.4)", "sphinxcontrib-websupport (==1.2.4)", "urllib3 (==1.26.4)"]
qa = ["flake8 (==3.8.3)", "mypy (==0.782)"]
testing = ["Django (<3.1)", "attrs", "colorama", "docopt", "pytest (<7.0.0)"]

[[package]]
name = "jinja2"
version = "3.1.2"
description = "A very fast and expressive template engine."
category = "main"
optional = false
python-versions = ">=3.7"

[package.dependencies]
MarkupSafe = ">=2.0"

[package.extras]
i18n = ["Babel (>=2.7)"]

[[package]]
name = "markupsafe"
version = "2.1.1"
description = "Safely add untrusted strings to HTML/XML markup."
category = "main"
optional = false
python-versions = ">=3.7"

[[package]]
name = "matplotlib-inline"
version = "0.1.6"
description = "Inline Matplotlib backend for Jupyter"
category = "main"
optional = false
python-versions = ">=3.5"

[package.dependencies]
traitlets = "*"

[[package]]
name = "mccabe"
version = "0.6.1"
description = "McCabe checker, plugin for flake8"
category = "dev"
optional = false
python-versions = "*"

[[package]]
name = "oauthlib"
version = "2.1.0"
description = "A generic, spec-compliant, thorough implementation of the OAuth request-signing logic"
category = "main"
optional = false
python-versions = "*"

[package.extras]
rsa = ["cryptography"]
signals = ["blinker"]
signedtoken = ["cryptography", "pyjwt (>=1.0.0)"]
test = ["blinker", "cryptography", "mock", "nose", "pyjwt (>=1.0.0)", "unittest2"]

[[package]]
name = "parso"
version = "0.8.3"
description = "A Python Parser"
category = "main"
optional = false
python-versions = ">=3.6"

[package.extras]
qa = ["flake8 (==3.8.3)", "mypy (==0.782)"]
testing = ["docopt", "pytest (<6.0.0)"]

[[package]]
name = "pexpect"
version = "4.8.0"
description = "Pexpect allows easy control of interactive console applications."
category = "main"
optional = false
python-versions = "*"

[package.dependencies]
ptyprocess = ">=0.5"

[[package]]
name = "pickleshare"
version = "0.7.5"
description = "Tiny 'shelve'-like database with concurrency support"
category = "main"
optional = false
python-versions = "*"

[[package]]
name = "prompt-toolkit"
version = "3.0.33"
description = "Library for building powerful interactive command lines in Python"
category = "main"
optional = false
python-versions = ">=3.6.2"

[package.dependencies]
wcwidth = "*"

[[package]]
name = "ptyprocess"
version = "0.7.0"
description = "Run a subprocess in a pseudo terminal"
category = "main"
optional = false
python-versions = "*"

[[package]]
name = "pure-eval"
version = "0.2.2"
description = "Safely evaluate AST nodes without side effects"
category = "main"
optional = false
python-versions = "*"

[package.extras]
tests = ["pytest"]

[[package]]
name = "pushover"
version = "0.5"
description = "Send messages via https://pushover.net/ to phones"
category = "main"
optional = false
python-versions = "*"

[package.dependencies]
Requests = ">=2.20.0"

[[package]]
name = "py"
version = "1.11.0"
description = "library with cross-python path, ini-parsing, io, code, log facilities"
category = "main"
optional = false
python-versions = ">=2.7, !=3.0.*, !=3.1.*, !=3.2.*, !=3.3.*, !=3.4.*"

[[package]]
name = "pycodestyle"
version = "2.7.0"
description = "Python style guide checker"
category = "dev"
optional = false
python-versions = ">=2.7, !=3.0.*, !=3.1.*, !=3.2.*, !=3.3.*"

[[package]]
name = "pycparser"
version = "2.21"
description = "C parser in Python"
category = "main"
optional = false
python-versions = ">=2.7, !=3.0.*, !=3.1.*, !=3.2.*, !=3.3.*"

[[package]]
name = "pyflakes"
version = "2.3.1"
description = "passive checker of Python programs"
category = "dev"
optional = false
python-versions = ">=2.7, !=3.0.*, !=3.1.*, !=3.2.*, !=3.3.*"

[[package]]
name = "pygit2"
version = "1.11.1"
description = "Python bindings for libgit2."
category = "main"
optional = false
python-versions = ">=3.8"

[package.dependencies]
cffi = ">=1.9.1"

[[package]]
name = "pygithub"
version = "1.57"
description = "Use the full Github API v3"
category = "main"
optional = false
python-versions = ">=3.7"

[package.dependencies]
deprecated = "*"
pyjwt = ">=2.4.0"
pynacl = ">=1.4.0"
requests = ">=2.14.0"

[package.extras]
integrations = ["cryptography"]

[[package]]
name = "pygments"
version = "2.13.0"
description = "Pygments is a syntax highlighting package written in Python."
category = "main"
optional = false
python-versions = ">=3.6"

[package.extras]
plugins = ["importlib-metadata"]

[[package]]
name = "pyjwt"
version = "2.6.0"
description = "JSON Web Token implementation in Python"
category = "main"
optional = false
python-versions = ">=3.7"

[package.extras]
crypto = ["cryptography (>=3.4.0)"]
dev = ["coverage[toml] (==5.0.4)", "cryptography (>=3.4.0)", "pre-commit", "pytest (>=6.0.0,<7.0.0)", "sphinx (>=4.5.0,<5.0.0)", "sphinx-rtd-theme", "zope.interface"]
docs = ["sphinx (>=4.5.0,<5.0.0)", "sphinx-rtd-theme", "zope.interface"]
tests = ["coverage[toml] (==5.0.4)", "pytest (>=6.0.0,<7.0.0)"]

[[package]]
name = "pynacl"
version = "1.5.0"
description = "Python binding to the Networking and Cryptography (NaCl) library"
category = "main"
optional = false
python-versions = ">=3.6"

[package.dependencies]
cffi = ">=1.4.1"

[package.extras]
docs = ["sphinx (>=1.6.5)", "sphinx-rtd-theme"]
tests = ["hypothesis (>=3.27.0)", "pytest (>=3.2.1,!=3.3.0)"]

[[package]]
name = "python-arango"
version = "5.4.0"
description = "Python Driver for ArangoDB"
category = "main"
optional = false
python-versions = "*"

[package.dependencies]
requests = "*"
requests_toolbelt = "*"
six = "*"

[[package]]
name = "regex"
version = "2020.11.13"
description = "Alternative regular expression module, to replace re."
category = "main"
optional = false
python-versions = "*"

[[package]]
name = "requests"
version = "2.28.1"
description = "Python HTTP for Humans."
category = "main"
optional = false
python-versions = ">=3.7, <4"

[package.dependencies]
certifi = ">=2017.4.17"
charset-normalizer = ">=2,<3"
idna = ">=2.5,<4"
urllib3 = ">=1.21.1,<1.27"

[package.extras]
socks = ["PySocks (>=1.5.6,!=1.5.7)"]
use_chardet_on_py3 = ["chardet (>=3.0.2,<6)"]

[[package]]
name = "requests-oauthlib"
version = "1.1.0"
description = "OAuthlib authentication support for Requests."
category = "main"
optional = false
python-versions = ">=2.7, !=3.0.*, !=3.1.*, !=3.2.*, !=3.3.*"

[package.dependencies]
oauthlib = ">=2.1.0,<3.0.0"
requests = ">=2.0.0"

[package.extras]
rsa = ["oauthlib[signedtoken] (>=2.1.0,<3.0.0)"]

[[package]]
name = "requests-toolbelt"
version = "0.10.1"
description = "A utility belt for advanced users of python-requests"
category = "main"
optional = false
python-versions = ">=2.7, !=3.0.*, !=3.1.*, !=3.2.*, !=3.3.*"

[package.dependencies]
requests = ">=2.0.1,<3.0.0"

[[package]]
name = "retry"
version = "0.9.2"
description = "Easy to use retry decorator."
category = "main"
optional = false
python-versions = "*"

[package.dependencies]
decorator = ">=3.4.2"
py = ">=1.4.26,<2.0.0"

[[package]]
name = "six"
version = "1.16.0"
description = "Python 2 and 3 compatibility utilities"
category = "main"
optional = false
python-versions = ">=2.7, !=3.0.*, !=3.1.*, !=3.2.*"

[[package]]
name = "smmap"
version = "5.0.0"
description = "A pure Python implementation of a sliding window memory map manager"
category = "main"
optional = false
python-versions = ">=3.6"

[[package]]
name = "stack-data"
version = "0.6.1"
description = "Extract data from python stack frames and tracebacks for informative displays"
category = "main"
optional = false
python-versions = "*"

[package.dependencies]
asttokens = ">=2.1.0"
executing = ">=1.2.0"
pure-eval = "*"

[package.extras]
tests = ["cython", "littleutils", "pygments", "pytest", "typeguard"]

[[package]]
name = "tqdm"
version = "4.64.1"
description = "Fast, Extensible Progress Meter"
category = "main"
optional = false
python-versions = "!=3.0.*,!=3.1.*,!=3.2.*,!=3.3.*,>=2.7"

[package.dependencies]
colorama = {version = "*", markers = "platform_system == \"Windows\""}

[package.extras]
dev = ["py-make (>=0.1.0)", "twine", "wheel"]
notebook = ["ipywidgets (>=6)"]
slack = ["slack-sdk"]
telegram = ["requests"]

[[package]]
name = "traitlets"
version = "5.5.0"
description = ""
category = "main"
optional = false
python-versions = ">=3.7"

[package.extras]
docs = ["myst-parser", "pydata-sphinx-theme", "sphinx"]
test = ["pre-commit", "pytest"]

[[package]]
name = "urllib3"
version = "1.26.13"
description = "HTTP library with thread-safe connection pooling, file post, and more."
category = "main"
optional = false
python-versions = ">=2.7, !=3.0.*, !=3.1.*, !=3.2.*, !=3.3.*, !=3.4.*, !=3.5.*"

[package.extras]
brotli = ["brotli (>=1.0.9)", "brotlicffi (>=0.8.0)", "brotlipy (>=0.6.0)"]
secure = ["certifi", "cryptography (>=1.3.4)", "idna (>=2.0.0)", "ipaddress", "pyOpenSSL (>=0.14)", "urllib3-secure-extra"]
socks = ["PySocks (>=1.5.6,!=1.5.7,<2.0)"]

[[package]]
name = "wcwidth"
version = "0.2.5"
description = "Measures the displayed width of unicode strings in a terminal"
category = "main"
optional = false
python-versions = "*"

[[package]]
name = "werkzeug"
version = "2.2.2"
description = "The comprehensive WSGI web application library."
category = "main"
optional = false
python-versions = ">=3.7"

[package.dependencies]
MarkupSafe = ">=2.1.1"

[package.extras]
watchdog = ["watchdog"]

[[package]]
name = "wrapt"
version = "1.14.1"
description = "Module for decorators, wrappers and monkey patching."
category = "main"
optional = false
python-versions = "!=3.0.*,!=3.1.*,!=3.2.*,!=3.3.*,!=3.4.*,>=2.7"

[metadata]
lock-version = "1.1"
python-versions = "^3.11"
content-hash = "26c2f5ec1611403a8463ef4f712b4f809d41161b4615abdfd4c210b072d23d81"

[metadata.files]
appnope = []
asttokens = [
    {file = "asttokens-2.1.0-py2.py3-none-any.whl", hash = "sha256:1b28ed85e254b724439afc783d4bee767f780b936c3fe8b3275332f42cf5f561"},
    {file = "asttokens-2.1.0.tar.gz", hash = "sha256:4aa76401a151c8cc572d906aad7aea2a841780834a19d780f4321c0fe1b54635"},
]
backcall = [
    {file = "backcall-0.2.0-py2.py3-none-any.whl", hash = "sha256:fbbce6a29f263178a1f7915c1940bde0ec2b2a967566fe1c65c1dfb7422bd255"},
    {file = "backcall-0.2.0.tar.gz", hash = "sha256:5cbdbf27be5e7cfadb448baf0aa95508f91f2bbc6c6437cd9cd06e2a4c215e1e"},
]
cachelib = []
cachetools = [
    {file = "cachetools-4.2.4-py3-none-any.whl", hash = "sha256:92971d3cb7d2a97efff7c7bb1657f21a8f5fb309a37530537c71b1774189f2d1"},
    {file = "cachetools-4.2.4.tar.gz", hash = "sha256:89ea6f1b638d5a73a4f9226be57ac5e4f399d22770b92355f92dcb0f7f001693"},
]
certifi = [
    {file = "certifi-2022.9.24-py3-none-any.whl", hash = "sha256:90c1a32f1d68f940488354e36370f6cca89f0f106db09518524c88d6ed83f382"},
    {file = "certifi-2022.9.24.tar.gz", hash = "sha256:0d9c601124e5a6ba9712dbc60d9c53c21e34f5f641fe83002317394311bdce14"},
]
cffi = []
charset-normalizer = []
click = []
colorama = [
    {file = "colorama-0.4.6-py2.py3-none-any.whl", hash = "sha256:4f1d9991f5acc0ca119f9d443620b77f9d6b33703e51011c16baf57afb285fc6"},
    {file = "colorama-0.4.6.tar.gz", hash = "sha256:08695f5cb7ed6e0531a20572697297273c47b8cae5a63ffc6d6ed5c201be6e44"},
]
cryptography = [
    {file = "cryptography-2.9.2-cp27-cp27m-macosx_10_9_x86_64.whl", hash = "sha256:daf54a4b07d67ad437ff239c8a4080cfd1cc7213df57d33c97de7b4738048d5e"},
    {file = "cryptography-2.9.2-cp27-cp27m-manylinux1_x86_64.whl", hash = "sha256:3b3eba865ea2754738616f87292b7f29448aec342a7c720956f8083d252bf28b"},
    {file = "cryptography-2.9.2-cp27-cp27m-manylinux2010_x86_64.whl", hash = "sha256:c447cf087cf2dbddc1add6987bbe2f767ed5317adb2d08af940db517dd704365"},
    {file = "cryptography-2.9.2-cp27-cp27m-win32.whl", hash = "sha256:f118a95c7480f5be0df8afeb9a11bd199aa20afab7a96bcf20409b411a3a85f0"},
    {file = "cryptography-2.9.2-cp27-cp27m-win_amd64.whl", hash = "sha256:c4fd17d92e9d55b84707f4fd09992081ba872d1a0c610c109c18e062e06a2e55"},
    {file = "cryptography-2.9.2-cp27-cp27mu-manylinux1_x86_64.whl", hash = "sha256:d0d5aeaedd29be304848f1c5059074a740fa9f6f26b84c5b63e8b29e73dfc270"},
    {file = "cryptography-2.9.2-cp27-cp27mu-manylinux2010_x86_64.whl", hash = "sha256:1e4014639d3d73fbc5ceff206049c5a9a849cefd106a49fa7aaaa25cc0ce35cf"},
    {file = "cryptography-2.9.2-cp35-abi3-macosx_10_9_x86_64.whl", hash = "sha256:96c080ae7118c10fcbe6229ab43eb8b090fccd31a09ef55f83f690d1ef619a1d"},
    {file = "cryptography-2.9.2-cp35-abi3-manylinux1_x86_64.whl", hash = "sha256:e993468c859d084d5579e2ebee101de8f5a27ce8e2159959b6673b418fd8c785"},
    {file = "cryptography-2.9.2-cp35-abi3-manylinux2010_x86_64.whl", hash = "sha256:88c881dd5a147e08d1bdcf2315c04972381d026cdb803325c03fe2b4a8ed858b"},
    {file = "cryptography-2.9.2-cp35-cp35m-win32.whl", hash = "sha256:651448cd2e3a6bc2bb76c3663785133c40d5e1a8c1a9c5429e4354201c6024ae"},
    {file = "cryptography-2.9.2-cp35-cp35m-win_amd64.whl", hash = "sha256:726086c17f94747cedbee6efa77e99ae170caebeb1116353c6cf0ab67ea6829b"},
    {file = "cryptography-2.9.2-cp36-cp36m-win32.whl", hash = "sha256:091d31c42f444c6f519485ed528d8b451d1a0c7bf30e8ca583a0cac44b8a0df6"},
    {file = "cryptography-2.9.2-cp36-cp36m-win_amd64.whl", hash = "sha256:bb1f0281887d89617b4c68e8db9a2c42b9efebf2702a3c5bf70599421a8623e3"},
    {file = "cryptography-2.9.2-cp37-cp37m-win32.whl", hash = "sha256:18452582a3c85b96014b45686af264563e3e5d99d226589f057ace56196ec78b"},
    {file = "cryptography-2.9.2-cp37-cp37m-win_amd64.whl", hash = "sha256:22e91636a51170df0ae4dcbd250d318fd28c9f491c4e50b625a49964b24fe46e"},
    {file = "cryptography-2.9.2-cp38-cp38-win32.whl", hash = "sha256:844a76bc04472e5135b909da6aed84360f522ff5dfa47f93e3dd2a0b84a89fa0"},
    {file = "cryptography-2.9.2-cp38-cp38-win_amd64.whl", hash = "sha256:1dfa985f62b137909496e7fc182dac687206d8d089dd03eaeb28ae16eec8e7d5"},
    {file = "cryptography-2.9.2.tar.gz", hash = "sha256:a0c30272fb4ddda5f5ffc1089d7405b7a71b0b0f51993cb4e5dbb4590b2fc229"},
]
decorator = [
    {file = "decorator-5.1.1-py3-none-any.whl", hash = "sha256:b8c3f85900b9dc423225913c5aace94729fe1fa9763b38939a95226f02d37186"},
    {file = "decorator-5.1.1.tar.gz", hash = "sha256:637996211036b6385ef91435e4fae22989472f9d571faba8927ba8253acbc330"},
]
deprecated = [
    {file = "Deprecated-1.2.13-py2.py3-none-any.whl", hash = "sha256:64756e3e14c8c5eea9795d93c524551432a0be75629f8f29e67ab8caf076c76d"},
    {file = "Deprecated-1.2.13.tar.gz", hash = "sha256:43ac5335da90c31c24ba028af536a91d41d53f9e6901ddb021bcc572ce44e38d"},
]
executing = [
    {file = "executing-1.2.0-py2.py3-none-any.whl", hash = "sha256:0314a69e37426e3608aada02473b4161d4caf5a4b244d1d0c48072b8fee7bacc"},
    {file = "executing-1.2.0.tar.gz", hash = "sha256:19da64c18d2d851112f09c287f8d3dbbdf725ab0e569077efb6cdcbd3497c107"},
]
filelock = []
flake8 = [
    {file = "flake8-3.9.2-py2.py3-none-any.whl", hash = "sha256:bf8fd333346d844f616e8d47905ef3a3384edae6b4e9beb0c5101e25e3110907"},
    {file = "flake8-3.9.2.tar.gz", hash = "sha256:07528381786f2a6237b061f6e96610a4167b226cb926e2aa2b6b1d78057c576b"},
]
flask = []
flask-cors = [
    {file = "Flask-Cors-3.0.10.tar.gz", hash = "sha256:b60839393f3b84a0f3746f6cdca56c1ad7426aa738b70d6c61375857823181de"},
    {file = "Flask_Cors-3.0.10-py2.py3-none-any.whl", hash = "sha256:74efc975af1194fc7891ff5cd85b0f7478be4f7f59fe158102e91abb72bb4438"},
]
flask-oauthlib = [
    {file = "Flask-OAuthlib-0.9.6.tar.gz", hash = "sha256:5bb79c8a8e670c2eb4cb553dfc3283b6c8d1202f674934676dc173cee94fe39c"},
    {file = "Flask_OAuthlib-0.9.6-py3-none-any.whl", hash = "sha256:a5c3b62959aa1922470a62b6ebf4273b75f1c29561a7eb4a69cde85d45a1d669"},
]
flask-session = []
gitdb = [
    {file = "gitdb-4.0.10-py3-none-any.whl", hash = "sha256:c286cf298426064079ed96a9e4a9d39e7f3e9bf15ba60701e95f5492f28415c7"},
    {file = "gitdb-4.0.10.tar.gz", hash = "sha256:6eb990b69df4e15bad899ea868dc46572c3f75339735663b81de79b06f17eb9a"},
]
gitpython = [
    {file = "GitPython-3.1.29-py3-none-any.whl", hash = "sha256:41eea0deec2deea139b459ac03656f0dd28fc4a3387240ec1d3c259a2c47850f"},
    {file = "GitPython-3.1.29.tar.gz", hash = "sha256:cc36bfc4a3f913e66805a28e84703e419d9c264c1077e537b54f0e1af85dbefd"},
]
gunicorn = [
    {file = "gunicorn-20.1.0-py3-none-any.whl", hash = "sha256:9dcc4547dbb1cb284accfb15ab5667a0e5d1881cc443e0677b4882a4067a807e"},
    {file = "gunicorn-20.1.0.tar.gz", hash = "sha256:e0a968b5ba15f8a328fdfd7ab1fcb5af4470c28aaf7e55df02a99bc13138e6e8"},
]
idna = [
    {file = "idna-3.4-py3-none-any.whl", hash = "sha256:90b77e79eaa3eba6de819a0c442c0b4ceefc341a7a2ab77d7562bf49f425c5c2"},
    {file = "idna-3.4.tar.gz", hash = "sha256:814f528e8dead7d329833b91c5faa87d60bf71824cd12a7530b5526063d02cb4"},
]
ipython = [
    {file = "ipython-8.6.0-py3-none-any.whl", hash = "sha256:91ef03016bcf72dd17190f863476e7c799c6126ec7e8be97719d1bc9a78a59a4"},
    {file = "ipython-8.6.0.tar.gz", hash = "sha256:7c959e3dedbf7ed81f9b9d8833df252c430610e2a4a6464ec13cd20975ce20a5"},
]
itsdangerous = []
jedi = [
    {file = "jedi-0.18.2-py2.py3-none-any.whl", hash = "sha256:203c1fd9d969ab8f2119ec0a3342e0b49910045abe6af0a3ae83a5764d54639e"},
    {file = "jedi-0.18.2.tar.gz", hash = "sha256:bae794c30d07f6d910d32a7048af09b5a39ed740918da923c6b780790ebac612"},
]
jinja2 = []
markupsafe = []
matplotlib-inline = []
mccabe = [
    {file = "mccabe-0.6.1-py2.py3-none-any.whl", hash = "sha256:ab8a6258860da4b6677da4bd2fe5dc2c659cff31b3ee4f7f5d64e79735b80d42"},
    {file = "mccabe-0.6.1.tar.gz", hash = "sha256:dd8d182285a0fe56bace7f45b5e7d1a6ebcbf524e8f3bd87eb0f125271b8831f"},
]
oauthlib = [
    {file = "oauthlib-2.1.0-py2.py3-none-any.whl", hash = "sha256:d883b36b21a6ad813953803edfa563b1b579d79ca758fe950d1bc9e8b326025b"},
    {file = "oauthlib-2.1.0.tar.gz", hash = "sha256:ac35665a61c1685c56336bda97d5eefa246f1202618a1d6f34fccb1bdd404162"},
]
parso = [
    {file = "parso-0.8.3-py2.py3-none-any.whl", hash = "sha256:c001d4636cd3aecdaf33cbb40aebb59b094be2a74c556778ef5576c175e19e75"},
    {file = "parso-0.8.3.tar.gz", hash = "sha256:8c07be290bb59f03588915921e29e8a50002acaf2cdc5fa0e0114f91709fafa0"},
]
pexpect = [
    {file = "pexpect-4.8.0-py2.py3-none-any.whl", hash = "sha256:0b48a55dcb3c05f3329815901ea4fc1537514d6ba867a152b581d69ae3710937"},
    {file = "pexpect-4.8.0.tar.gz", hash = "sha256:fc65a43959d153d0114afe13997d439c22823a27cefceb5ff35c2178c6784c0c"},
]
pickleshare = [
    {file = "pickleshare-0.7.5-py2.py3-none-any.whl", hash = "sha256:9649af414d74d4df115d5d718f82acb59c9d418196b7b4290ed47a12ce62df56"},
    {file = "pickleshare-0.7.5.tar.gz", hash = "sha256:87683d47965c1da65cdacaf31c8441d12b8044cdec9aca500cd78fc2c683afca"},
]
prompt-toolkit = [
    {file = "prompt_toolkit-3.0.33-py3-none-any.whl", hash = "sha256:ced598b222f6f4029c0800cefaa6a17373fb580cd093223003475ce32805c35b"},
    {file = "prompt_toolkit-3.0.33.tar.gz", hash = "sha256:535c29c31216c77302877d5120aef6c94ff573748a5b5ca5b1b1f76f5e700c73"},
]
ptyprocess = [
    {file = "ptyprocess-0.7.0-py2.py3-none-any.whl", hash = "sha256:4b41f3967fce3af57cc7e94b888626c18bf37a083e3651ca8feeb66d492fef35"},
    {file = "ptyprocess-0.7.0.tar.gz", hash = "sha256:5c5d0a3b48ceee0b48485e0c26037c0acd7d29765ca3fbb5cb3831d347423220"},
]
pure-eval = []
pushover = [
    {file = "pushover-0.5-py3-none-any.whl", hash = "sha256:c31aa477ec3bb72d5c4cb6adbc6ae8d2c7afba0953c62baebe77790ed8acfc59"},
    {file = "pushover-0.5.tar.gz", hash = "sha256:14486f35871510900b5c0a6b264e22e242e6ca5942a4c8edb5e6e1e28ee4d34d"},
]
py = [
    {file = "py-1.11.0-py2.py3-none-any.whl", hash = "sha256:607c53218732647dff4acdfcd50cb62615cedf612e72d1724fb1a0cc6405b378"},
    {file = "py-1.11.0.tar.gz", hash = "sha256:51c75c4126074b472f746a24399ad32f6053d1b34b68d2fa41e558e6f4a98719"},
]
pycodestyle = [
    {file = "pycodestyle-2.7.0-py2.py3-none-any.whl", hash = "sha256:514f76d918fcc0b55c6680472f0a37970994e07bbb80725808c17089be302068"},
    {file = "pycodestyle-2.7.0.tar.gz", hash = "sha256:c389c1d06bf7904078ca03399a4816f974a1d590090fecea0c63ec26ebaf1cef"},
]
pycparser = [
    {file = "pycparser-2.21-py2.py3-none-any.whl", hash = "sha256:8ee45429555515e1f6b185e78100aea234072576aa43ab53aefcae078162fca9"},
    {file = "pycparser-2.21.tar.gz", hash = "sha256:e644fdec12f7872f86c58ff790da456218b10f863970249516d60a5eaca77206"},
]
pyflakes = [
    {file = "pyflakes-2.3.1-py2.py3-none-any.whl", hash = "sha256:7893783d01b8a89811dd72d7dfd4d84ff098e5eed95cfa8905b22bbffe52efc3"},
    {file = "pyflakes-2.3.1.tar.gz", hash = "sha256:f5bc8ecabc05bb9d291eb5203d6810b49040f6ff446a756326104746cc00c1db"},
]
pygit2 = [
    {file = "pygit2-1.11.1-cp310-cp310-macosx_10_9_universal2.whl", hash = "sha256:263e05ac655a4ce0a1083aaaedfd0a900b8dee2c3bb3ecf4f4e504a404467d1f"},
    {file = "pygit2-1.11.1-cp310-cp310-macosx_10_9_x86_64.whl", hash = "sha256:ee6b4a0e181c576cdb64b1568bfbff3d1c2cd7e99808f578c8b08875c0f43739"},
    {file = "pygit2-1.11.1-cp310-cp310-manylinux_2_24_aarch64.whl", hash = "sha256:d1b5fcaac1f29337f2d1465fa095e2e375b76a06385bda9391cb418c7937fb54"},
    {file = "pygit2-1.11.1-cp310-cp310-manylinux_2_24_x86_64.whl", hash = "sha256:96ff745d3199909d06cab5e419a6b953be99992414a08ec4dddb682f395de8f1"},
    {file = "pygit2-1.11.1-cp310-cp310-win32.whl", hash = "sha256:b3c8726f0c9a2b0e04aac37b18027c58c2697b9c021d3458b28bc250b9b6aecf"},
    {file = "pygit2-1.11.1-cp310-cp310-win_amd64.whl", hash = "sha256:f42409d25bbfc090fd1af1f5f47584d7e0c4212b037a7f86639a02c30420c6ee"},
    {file = "pygit2-1.11.1-cp311-cp311-macosx_10_9_universal2.whl", hash = "sha256:29f89d96bbb404ca1566418463521039903094fad2f81a76d7083810d2ea3aad"},
    {file = "pygit2-1.11.1-cp311-cp311-macosx_10_9_x86_64.whl", hash = "sha256:d5c158b9430c5e76ca728b1a214bf21d355af6ac6e2da86ed17775b870b6c6eb"},
    {file = "pygit2-1.11.1-cp311-cp311-manylinux_2_24_aarch64.whl", hash = "sha256:6c3434b143e7570ec45cd1a0e344fe7a12e64b99e7155fa38b74f724c8fc243c"},
    {file = "pygit2-1.11.1-cp311-cp311-manylinux_2_24_x86_64.whl", hash = "sha256:550aa503c86ef0061ce64d61c3672b15b500c2b1e4224c405acecfac2211b5d9"},
    {file = "pygit2-1.11.1-cp311-cp311-win32.whl", hash = "sha256:f270f86a0185ca2064e1aa6b8db3bb677b1bf76ee35f48ca5ce28a921fad5632"},
    {file = "pygit2-1.11.1-cp311-cp311-win_amd64.whl", hash = "sha256:56b9deeab214653805214f05337f5e9552b47bf268c285551f20ea51a6056c3e"},
    {file = "pygit2-1.11.1-cp38-cp38-macosx_10_9_universal2.whl", hash = "sha256:3c5838e6516abc4384498f4b4c7f88578221596dc2ba8db2320ff2cfebe9787e"},
    {file = "pygit2-1.11.1-cp38-cp38-macosx_10_9_x86_64.whl", hash = "sha256:a886aab5aae8d8db572e20b9f56c13cd506775265222ea7f35b2c781e4fa3a5e"},
    {file = "pygit2-1.11.1-cp38-cp38-manylinux_2_24_aarch64.whl", hash = "sha256:3be4534180edd53e3e1da93c5b091975566bfdffdc73f21930d79fef096a25d2"},
    {file = "pygit2-1.11.1-cp38-cp38-manylinux_2_24_x86_64.whl", hash = "sha256:4d6209c703764ae0ba57b17038482f3e54f432f80f88ccd490d7f8b70b167db6"},
    {file = "pygit2-1.11.1-cp38-cp38-win32.whl", hash = "sha256:ddb032fa71d4b4a64bf101e37eaa21f5369f20a862b5e34bbc33854a3a35f641"},
    {file = "pygit2-1.11.1-cp38-cp38-win_amd64.whl", hash = "sha256:f8de0091e5eeaea2004f63f7dcb4540780f2124f68c0bcb670ae0fa9ada8bf66"},
    {file = "pygit2-1.11.1-cp39-cp39-macosx_10_9_universal2.whl", hash = "sha256:9b44674e53efa9eca36e44f2f3d1a29e53e78649ba13105ae0b037d557f2c076"},
    {file = "pygit2-1.11.1-cp39-cp39-macosx_10_9_x86_64.whl", hash = "sha256:0170f31c2efb15f6779689df328c05a8005ecb2b92784a37ff967d713cdafe82"},
    {file = "pygit2-1.11.1-cp39-cp39-manylinux_2_24_aarch64.whl", hash = "sha256:960a55ff78f48887a7aa8ece952aad0f52f0a2ba1ad7bddd7064fbbefd85dfbb"},
    {file = "pygit2-1.11.1-cp39-cp39-manylinux_2_24_x86_64.whl", hash = "sha256:df722c90fb54a42fa019dcf8d8f82961c3099c3024f1fda46c53e0886ff8f0f3"},
    {file = "pygit2-1.11.1-cp39-cp39-win32.whl", hash = "sha256:3b091e7fd00dd2a2cd3a6b5e235b6cbfbc1c07f15ee83a5cb3f188e1d6d1bca1"},
    {file = "pygit2-1.11.1-cp39-cp39-win_amd64.whl", hash = "sha256:da040dc28800831bcbefef0850466739f103bfc769d952bd10c449646d52ce8f"},
    {file = "pygit2-1.11.1-pp38-pypy38_pp73-macosx_10_9_x86_64.whl", hash = "sha256:585daa3956f1dc10d08e3459c20b57be42c7f9c0fbde21e797b3a00b5948f061"},
    {file = "pygit2-1.11.1-pp38-pypy38_pp73-manylinux_2_24_aarch64.whl", hash = "sha256:273878adeced2aec7885745b73fffb91a8e67868c105bf881b61008d42497ad6"},
    {file = "pygit2-1.11.1-pp38-pypy38_pp73-manylinux_2_24_x86_64.whl", hash = "sha256:48cfd72283a08a9226aca115870799ee92898d692699f541a3b3f519805108ec"},
    {file = "pygit2-1.11.1-pp39-pypy39_pp73-macosx_10_9_x86_64.whl", hash = "sha256:a9ca4cb2481d2df14d23c765facef325f717d9a3966a986b86e88d92eef11929"},
    {file = "pygit2-1.11.1-pp39-pypy39_pp73-manylinux_2_24_aarch64.whl", hash = "sha256:d5f64a424d9123b047458b0107c5dd33559184b56a1f58b10056ea5cbac74360"},
    {file = "pygit2-1.11.1-pp39-pypy39_pp73-manylinux_2_24_x86_64.whl", hash = "sha256:f13e190cc080bde093138e12bcb609500276227e3e8e8bd8765a2fd49ae2efb8"},
    {file = "pygit2-1.11.1.tar.gz", hash = "sha256:793f583fd33620f0ac38376db0f57768ef2922b89b459e75b1ac440377eb64ec"},
]
pygithub = [
    {file = "PyGithub-1.57-py3-none-any.whl", hash = "sha256:5822febeac2391f1306c55a99af2bc8f86c8bf82ded000030cd02c18f31b731f"},
    {file = "PyGithub-1.57.tar.gz", hash = "sha256:c273f252b278fb81f1769505cc6921bdb6791e1cebd6ac850cc97dad13c31ff3"},
]
pygments = []
pyjwt = [
    {file = "PyJWT-2.6.0-py3-none-any.whl", hash = "sha256:d83c3d892a77bbb74d3e1a2cfa90afaadb60945205d1095d9221f04466f64c14"},
    {file = "PyJWT-2.6.0.tar.gz", hash = "sha256:69285c7e31fc44f68a1feb309e948e0df53259d579295e6cfe2b1792329f05fd"},
]
pynacl = [
    {file = "PyNaCl-1.5.0-cp36-abi3-macosx_10_10_universal2.whl", hash = "sha256:401002a4aaa07c9414132aaed7f6836ff98f59277a234704ff66878c2ee4a0d1"},
    {file = "PyNaCl-1.5.0-cp36-abi3-manylinux_2_17_aarch64.manylinux2014_aarch64.manylinux_2_24_aarch64.whl", hash = "sha256:52cb72a79269189d4e0dc537556f4740f7f0a9ec41c1322598799b0bdad4ef92"},
    {file = "PyNaCl-1.5.0-cp36-abi3-manylinux_2_17_aarch64.manylinux2014_aarch64.whl", hash = "sha256:a36d4a9dda1f19ce6e03c9a784a2921a4b726b02e1c736600ca9c22029474394"},
    {file = "PyNaCl-1.5.0-cp36-abi3-manylinux_2_17_x86_64.manylinux2014_x86_64.manylinux_2_24_x86_64.whl", hash = "sha256:0c84947a22519e013607c9be43706dd42513f9e6ae5d39d3613ca1e142fba44d"},
    {file = "PyNaCl-1.5.0-cp36-abi3-manylinux_2_17_x86_64.manylinux2014_x86_64.whl", hash = "sha256:06b8f6fa7f5de8d5d2f7573fe8c863c051225a27b61e6860fd047b1775807858"},
    {file = "PyNaCl-1.5.0-cp36-abi3-musllinux_1_1_aarch64.whl", hash = "sha256:a422368fc821589c228f4c49438a368831cb5bbc0eab5ebe1d7fac9dded6567b"},
    {file = "PyNaCl-1.5.0-cp36-abi3-musllinux_1_1_x86_64.whl", hash = "sha256:61f642bf2378713e2c2e1de73444a3778e5f0a38be6fee0fe532fe30060282ff"},
    {file = "PyNaCl-1.5.0-cp36-abi3-win32.whl", hash = "sha256:e46dae94e34b085175f8abb3b0aaa7da40767865ac82c928eeb9e57e1ea8a543"},
    {file = "PyNaCl-1.5.0-cp36-abi3-win_amd64.whl", hash = "sha256:20f42270d27e1b6a29f54032090b972d97f0a1b0948cc52392041ef7831fee93"},
    {file = "PyNaCl-1.5.0.tar.gz", hash = "sha256:8ac7448f09ab85811607bdd21ec2464495ac8b7c66d146bf545b0f08fb9220ba"},
]
python-arango = [
    {file = "python-arango-5.4.0.tar.gz", hash = "sha256:c50296ae302a9ce47a27bb75836e6a4fdc72cb26c8e120f857ddcf6b6d6ead63"},
]
regex = [
    {file = "regex-2020.11.13-cp36-cp36m-macosx_10_9_x86_64.whl", hash = "sha256:8b882a78c320478b12ff024e81dc7d43c1462aa4a3341c754ee65d857a521f85"},
    {file = "regex-2020.11.13-cp36-cp36m-manylinux1_i686.whl", hash = "sha256:a63f1a07932c9686d2d416fb295ec2c01ab246e89b4d58e5fa468089cab44b70"},
    {file = "regex-2020.11.13-cp36-cp36m-manylinux1_x86_64.whl", hash = "sha256:6e4b08c6f8daca7d8f07c8d24e4331ae7953333dbd09c648ed6ebd24db5a10ee"},
    {file = "regex-2020.11.13-cp36-cp36m-manylinux2010_i686.whl", hash = "sha256:bba349276b126947b014e50ab3316c027cac1495992f10e5682dc677b3dfa0c5"},
    {file = "regex-2020.11.13-cp36-cp36m-manylinux2010_x86_64.whl", hash = "sha256:56e01daca75eae420bce184edd8bb341c8eebb19dd3bce7266332258f9fb9dd7"},
    {file = "regex-2020.11.13-cp36-cp36m-manylinux2014_aarch64.whl", hash = "sha256:6a8ce43923c518c24a2579fda49f093f1397dad5d18346211e46f134fc624e31"},
    {file = "regex-2020.11.13-cp36-cp36m-manylinux2014_i686.whl", hash = "sha256:1ab79fcb02b930de09c76d024d279686ec5d532eb814fd0ed1e0051eb8bd2daa"},
    {file = "regex-2020.11.13-cp36-cp36m-manylinux2014_x86_64.whl", hash = "sha256:9801c4c1d9ae6a70aeb2128e5b4b68c45d4f0af0d1535500884d644fa9b768c6"},
    {file = "regex-2020.11.13-cp36-cp36m-win32.whl", hash = "sha256:49cae022fa13f09be91b2c880e58e14b6da5d10639ed45ca69b85faf039f7a4e"},
    {file = "regex-2020.11.13-cp36-cp36m-win_amd64.whl", hash = "sha256:749078d1eb89484db5f34b4012092ad14b327944ee7f1c4f74d6279a6e4d1884"},
    {file = "regex-2020.11.13-cp37-cp37m-macosx_10_9_x86_64.whl", hash = "sha256:b2f4007bff007c96a173e24dcda236e5e83bde4358a557f9ccf5e014439eae4b"},
    {file = "regex-2020.11.13-cp37-cp37m-manylinux1_i686.whl", hash = "sha256:38c8fd190db64f513fe4e1baa59fed086ae71fa45083b6936b52d34df8f86a88"},
    {file = "regex-2020.11.13-cp37-cp37m-manylinux1_x86_64.whl", hash = "sha256:5862975b45d451b6db51c2e654990c1820523a5b07100fc6903e9c86575202a0"},
    {file = "regex-2020.11.13-cp37-cp37m-manylinux2010_i686.whl", hash = "sha256:262c6825b309e6485ec2493ffc7e62a13cf13fb2a8b6d212f72bd53ad34118f1"},
    {file = "regex-2020.11.13-cp37-cp37m-manylinux2010_x86_64.whl", hash = "sha256:bafb01b4688833e099d79e7efd23f99172f501a15c44f21ea2118681473fdba0"},
    {file = "regex-2020.11.13-cp37-cp37m-manylinux2014_aarch64.whl", hash = "sha256:e32f5f3d1b1c663af7f9c4c1e72e6ffe9a78c03a31e149259f531e0fed826512"},
    {file = "regex-2020.11.13-cp37-cp37m-manylinux2014_i686.whl", hash = "sha256:3bddc701bdd1efa0d5264d2649588cbfda549b2899dc8d50417e47a82e1387ba"},
    {file = "regex-2020.11.13-cp37-cp37m-manylinux2014_x86_64.whl", hash = "sha256:02951b7dacb123d8ea6da44fe45ddd084aa6777d4b2454fa0da61d569c6fa538"},
    {file = "regex-2020.11.13-cp37-cp37m-win32.whl", hash = "sha256:0d08e71e70c0237883d0bef12cad5145b84c3705e9c6a588b2a9c7080e5af2a4"},
    {file = "regex-2020.11.13-cp37-cp37m-win_amd64.whl", hash = "sha256:1fa7ee9c2a0e30405e21031d07d7ba8617bc590d391adfc2b7f1e8b99f46f444"},
    {file = "regex-2020.11.13-cp38-cp38-macosx_10_9_x86_64.whl", hash = "sha256:baf378ba6151f6e272824b86a774326f692bc2ef4cc5ce8d5bc76e38c813a55f"},
    {file = "regex-2020.11.13-cp38-cp38-manylinux1_i686.whl", hash = "sha256:e3faaf10a0d1e8e23a9b51d1900b72e1635c2d5b0e1bea1c18022486a8e2e52d"},
    {file = "regex-2020.11.13-cp38-cp38-manylinux1_x86_64.whl", hash = "sha256:2a11a3e90bd9901d70a5b31d7dd85114755a581a5da3fc996abfefa48aee78af"},
    {file = "regex-2020.11.13-cp38-cp38-manylinux2010_i686.whl", hash = "sha256:d1ebb090a426db66dd80df8ca85adc4abfcbad8a7c2e9a5ec7513ede522e0a8f"},
    {file = "regex-2020.11.13-cp38-cp38-manylinux2010_x86_64.whl", hash = "sha256:b2b1a5ddae3677d89b686e5c625fc5547c6e492bd755b520de5332773a8af06b"},
    {file = "regex-2020.11.13-cp38-cp38-manylinux2014_aarch64.whl", hash = "sha256:2c99e97d388cd0a8d30f7c514d67887d8021541b875baf09791a3baad48bb4f8"},
    {file = "regex-2020.11.13-cp38-cp38-manylinux2014_i686.whl", hash = "sha256:c084582d4215593f2f1d28b65d2a2f3aceff8342aa85afd7be23a9cad74a0de5"},
    {file = "regex-2020.11.13-cp38-cp38-manylinux2014_x86_64.whl", hash = "sha256:a3d748383762e56337c39ab35c6ed4deb88df5326f97a38946ddd19028ecce6b"},
    {file = "regex-2020.11.13-cp38-cp38-win32.whl", hash = "sha256:7913bd25f4ab274ba37bc97ad0e21c31004224ccb02765ad984eef43e04acc6c"},
    {file = "regex-2020.11.13-cp38-cp38-win_amd64.whl", hash = "sha256:6c54ce4b5d61a7129bad5c5dc279e222afd00e721bf92f9ef09e4fae28755683"},
    {file = "regex-2020.11.13-cp39-cp39-macosx_10_9_x86_64.whl", hash = "sha256:1862a9d9194fae76a7aaf0150d5f2a8ec1da89e8b55890b1786b8f88a0f619dc"},
    {file = "regex-2020.11.13-cp39-cp39-manylinux1_i686.whl", hash = "sha256:4902e6aa086cbb224241adbc2f06235927d5cdacffb2425c73e6570e8d862364"},
    {file = "regex-2020.11.13-cp39-cp39-manylinux1_x86_64.whl", hash = "sha256:7a25fcbeae08f96a754b45bdc050e1fb94b95cab046bf56b016c25e9ab127b3e"},
    {file = "regex-2020.11.13-cp39-cp39-manylinux2010_i686.whl", hash = "sha256:d2d8ce12b7c12c87e41123997ebaf1a5767a5be3ec545f64675388970f415e2e"},
    {file = "regex-2020.11.13-cp39-cp39-manylinux2010_x86_64.whl", hash = "sha256:f7d29a6fc4760300f86ae329e3b6ca28ea9c20823df123a2ea8693e967b29917"},
    {file = "regex-2020.11.13-cp39-cp39-manylinux2014_aarch64.whl", hash = "sha256:717881211f46de3ab130b58ec0908267961fadc06e44f974466d1887f865bd5b"},
    {file = "regex-2020.11.13-cp39-cp39-manylinux2014_i686.whl", hash = "sha256:3128e30d83f2e70b0bed9b2a34e92707d0877e460b402faca908c6667092ada9"},
    {file = "regex-2020.11.13-cp39-cp39-manylinux2014_x86_64.whl", hash = "sha256:8f6a2229e8ad946e36815f2a03386bb8353d4bde368fdf8ca5f0cb97264d3b5c"},
    {file = "regex-2020.11.13-cp39-cp39-win32.whl", hash = "sha256:f8f295db00ef5f8bae530fc39af0b40486ca6068733fb860b42115052206466f"},
    {file = "regex-2020.11.13-cp39-cp39-win_amd64.whl", hash = "sha256:a15f64ae3a027b64496a71ab1f722355e570c3fac5ba2801cafce846bf5af01d"},
    {file = "regex-2020.11.13.tar.gz", hash = "sha256:83d6b356e116ca119db8e7c6fc2983289d87b27b3fac238cfe5dca529d884562"},
]
requests = []
requests-oauthlib = [
    {file = "requests-oauthlib-1.1.0.tar.gz", hash = "sha256:eabd8eb700ebed81ba080c6ead96d39d6bdc39996094bd23000204f6965786b0"},
    {file = "requests_oauthlib-1.1.0-py2.py3-none-any.whl", hash = "sha256:be76f2bb72ca5525998e81d47913e09b1ca8b7957ae89b46f787a79e68ad5e61"},
    {file = "requests_oauthlib-1.1.0-py3.7.egg", hash = "sha256:490229d14a98e1b69612dcc1a22887ec14f5487dc1b8c6d7ba7f77a42ce7347b"},
]
requests-toolbelt = [
    {file = "requests-toolbelt-0.10.1.tar.gz", hash = "sha256:62e09f7ff5ccbda92772a29f394a49c3ad6cb181d568b1337626b2abb628a63d"},
    {file = "requests_toolbelt-0.10.1-py2.py3-none-any.whl", hash = "sha256:18565aa58116d9951ac39baa288d3adb5b3ff975c4f25eee78555d89e8f247f7"},
]
retry = [
    {file = "retry-0.9.2-py2.py3-none-any.whl", hash = "sha256:ccddf89761fa2c726ab29391837d4327f819ea14d244c232a1d24c67a2f98606"},
    {file = "retry-0.9.2.tar.gz", hash = "sha256:f8bfa8b99b69c4506d6f5bd3b0aabf77f98cdb17f3c9fc3f5ca820033336fba4"},
]
six = [
    {file = "six-1.16.0-py2.py3-none-any.whl", hash = "sha256:8abb2f1d86890a2dfb989f9a77cfcfd3e47c2a354b01111771326f8aa26e0254"},
    {file = "six-1.16.0.tar.gz", hash = "sha256:1e61c37477a1626458e36f7b1d82aa5c9b094fa4802892072e49de9c60c4c926"},
]
smmap = [
    {file = "smmap-5.0.0-py3-none-any.whl", hash = "sha256:2aba19d6a040e78d8b09de5c57e96207b09ed71d8e55ce0959eeee6c8e190d94"},
    {file = "smmap-5.0.0.tar.gz", hash = "sha256:c840e62059cd3be204b0c9c9f74be2c09d5648eddd4580d9314c3ecde0b30936"},
]
stack-data = [
    {file = "stack_data-0.6.1-py3-none-any.whl", hash = "sha256:960cb054d6a1b2fdd9cbd529e365b3c163e8dabf1272e02cfe36b58403cff5c6"},
    {file = "stack_data-0.6.1.tar.gz", hash = "sha256:6c9a10eb5f342415fe085db551d673955611afb821551f554d91772415464315"},
]
tqdm = [
    {file = "tqdm-4.64.1-py2.py3-none-any.whl", hash = "sha256:6fee160d6ffcd1b1c68c65f14c829c22832bc401726335ce92c52d395944a6a1"},
    {file = "tqdm-4.64.1.tar.gz", hash = "sha256:5f4f682a004951c1b450bc753c710e9280c5746ce6ffedee253ddbcbf54cf1e4"},
]
traitlets = [
    {file = "traitlets-5.5.0-py3-none-any.whl", hash = "sha256:1201b2c9f76097195989cdf7f65db9897593b0dfd69e4ac96016661bb6f0d30f"},
    {file = "traitlets-5.5.0.tar.gz", hash = "sha256:b122f9ff2f2f6c1709dab289a05555be011c87828e911c0cf4074b85cb780a79"},
]
urllib3 = [
    {file = "urllib3-1.26.13-py2.py3-none-any.whl", hash = "sha256:47cc05d99aaa09c9e72ed5809b60e7ba354e64b59c9c173ac3018642d8bb41fc"},
    {file = "urllib3-1.26.13.tar.gz", hash = "sha256:c083dd0dce68dbfbe1129d5271cb90f9447dea7d52097c6e0126120c521ddea8"},
]
wcwidth = [
    {file = "wcwidth-0.2.5-py2.py3-none-any.whl", hash = "sha256:beb4802a9cebb9144e99086eff703a642a13d6a0052920003a230f3294bbe784"},
    {file = "wcwidth-0.2.5.tar.gz", hash = "sha256:c4d647b99872929fdb7bdcaa4fbe7f01413ed3d98077df798530e5b04f116c83"},
]
werkzeug = []
wrapt = []
